
Microsoft Visual Studio Solution File, Format Version 12.00
# Visual Studio 15
VisualStudioVersion = 15.0.28010.2050
MinimumVisualStudioVersion = 10.0.40219.1
Project("{FAE04EC0-301F-11D3-BF4B-00C04F79EFBC}") = "Interface", "Interface\Interface.csproj", "{B95DCFC9-4CE4-4476-A1F9-781E37F37F23}"
EndProject
Global
	GlobalSection(SolutionConfigurationPlatforms) = preSolution
		Debug|Any CPU = Debug|Any CPU
		Release|Any CPU = Release|Any CPU
	EndGlobalSection
	GlobalSection(ProjectConfigurationPlatforms) = postSolution
		{B95DCFC9-4CE4-4476-A1F9-781E37F37F23}.Debug|Any CPU.ActiveCfg = Debug|Any CPU
		{B95DCFC9-4CE4-4476-A1F9-781E37F37F23}.Debug|Any CPU.Build.0 = Debug|Any CPU
		{B95DCFC9-4CE4-4476-A1F9-781E37F37F23}.Release|Any CPU.ActiveCfg = Release|Any CPU
		{B95DCFC9-4CE4-4476-A1F9-781E37F37F23}.Release|Any CPU.Build.0 = Release|Any CPU
	EndGlobalSection
	GlobalSection(SolutionProperties) = preSolution
		HideSolutionNode = FALSE
	EndGlobalSection
	GlobalSection(ExtensibilityGlobals) = postSolution
		SolutionGuid = {B8806376-1B58-4615-8CE7-9C48CC4C8BB0}
	EndGlobalSection
EndGlobal
