
Microsoft Visual Studio Solution File, Format Version 12.00
# Visual Studio 15
VisualStudioVersion = 15.0.28010.2050
MinimumVisualStudioVersion = 10.0.40219.1
Project("{FAE04EC0-301F-11D3-BF4B-00C04F79EFBC}") = "Lambda Expression", "Lambda Expression\Lambda Expression.csproj", "{7A7D2899-40E9-4BBC-A946-FE0920082127}"
EndProject
Global
	GlobalSection(SolutionConfigurationPlatforms) = preSolution
		Debug|Any CPU = Debug|Any CPU
		Release|Any CPU = Release|Any CPU
	EndGlobalSection
	GlobalSection(ProjectConfigurationPlatforms) = postSolution
		{7A7D2899-40E9-4BBC-A946-FE0920082127}.Debug|Any CPU.ActiveCfg = Debug|Any CPU
		{7A7D2899-40E9-4BBC-A946-FE0920082127}.Debug|Any CPU.Build.0 = Debug|Any CPU
		{7A7D2899-40E9-4BBC-A946-FE0920082127}.Release|Any CPU.ActiveCfg = Release|Any CPU
		{7A7D2899-40E9-4BBC-A946-FE0920082127}.Release|Any CPU.Build.0 = Release|Any CPU
	EndGlobalSection
	GlobalSection(SolutionProperties) = preSolution
		HideSolutionNode = FALSE
	EndGlobalSection
	GlobalSection(ExtensibilityGlobals) = postSolution
		SolutionGuid = {6746F31B-0675-4B81-92C7-D07790197A69}
	EndGlobalSection
EndGlobal
