
Microsoft Visual Studio Solution File, Format Version 12.00
# Visual Studio 15
VisualStudioVersion = 15.0.28010.2050
MinimumVisualStudioVersion = 10.0.40219.1
Project("{FAE04EC0-301F-11D3-BF4B-00C04F79EFBC}") = "C-Sharp Excetption", "C-Sharp Excetption\C-Sharp Excetption.csproj", "{CC8ADE91-D9A5-4507-AC82-E23C135D2082}"
EndProject
Global
	GlobalSection(SolutionConfigurationPlatforms) = preSolution
		Debug|Any CPU = Debug|Any CPU
		Release|Any CPU = Release|Any CPU
	EndGlobalSection
	GlobalSection(ProjectConfigurationPlatforms) = postSolution
		{CC8ADE91-D9A5-4507-AC82-E23C135D2082}.Debug|Any CPU.ActiveCfg = Debug|Any CPU
		{CC8ADE91-D9A5-4507-AC82-E23C135D2082}.Debug|Any CPU.Build.0 = Debug|Any CPU
		{CC8ADE91-D9A5-4507-AC82-E23C135D2082}.Release|Any CPU.ActiveCfg = Release|Any CPU
		{CC8ADE91-D9A5-4507-AC82-E23C135D2082}.Release|Any CPU.Build.0 = Release|Any CPU
	EndGlobalSection
	GlobalSection(SolutionProperties) = preSolution
		HideSolutionNode = FALSE
	EndGlobalSection
	GlobalSection(ExtensibilityGlobals) = postSolution
		SolutionGuid = {166AA570-DF9B-4C1B-B794-2B06AE284350}
	EndGlobalSection
EndGlobal
