
Microsoft Visual Studio Solution File, Format Version 12.00
# Visual Studio 15
VisualStudioVersion = 15.0.28010.2050
MinimumVisualStudioVersion = 10.0.40219.1
Project("{FAE04EC0-301F-11D3-BF4B-00C04F79EFBC}") = "TwentyOne", "TwentyOneGame\TwentyOne.csproj", "{0B6D6E6A-3516-40D1-A615-E04EBC811F62}"
EndProject
Project("{FAE04EC0-301F-11D3-BF4B-00C04F79EFBC}") = "Casino", "Casino\Casino.csproj", "{91401195-7B33-4949-8DA2-FEE7BE0D38CE}"
EndProject
Global
	GlobalSection(SolutionConfigurationPlatforms) = preSolution
		Debug|Any CPU = Debug|Any CPU
		Release|Any CPU = Release|Any CPU
	EndGlobalSection
	GlobalSection(ProjectConfigurationPlatforms) = postSolution
		{0B6D6E6A-3516-40D1-A615-E04EBC811F62}.Debug|Any CPU.ActiveCfg = Debug|Any CPU
		{0B6D6E6A-3516-40D1-A615-E04EBC811F62}.Debug|Any CPU.Build.0 = Debug|Any CPU
		{0B6D6E6A-3516-40D1-A615-E04EBC811F62}.Release|Any CPU.ActiveCfg = Release|Any CPU
		{0B6D6E6A-3516-40D1-A615-E04EBC811F62}.Release|Any CPU.Build.0 = Release|Any CPU
		{91401195-7B33-4949-8DA2-FEE7BE0D38CE}.Debug|Any CPU.ActiveCfg = Debug|Any CPU
		{91401195-7B33-4949-8DA2-FEE7BE0D38CE}.Debug|Any CPU.Build.0 = Debug|Any CPU
		{91401195-7B33-4949-8DA2-FEE7BE0D38CE}.Release|Any CPU.ActiveCfg = Release|Any CPU
		{91401195-7B33-4949-8DA2-FEE7BE0D38CE}.Release|Any CPU.Build.0 = Release|Any CPU
	EndGlobalSection
	GlobalSection(SolutionProperties) = preSolution
		HideSolutionNode = FALSE
	EndGlobalSection
	GlobalSection(ExtensibilityGlobals) = postSolution
		SolutionGuid = {1F93CD13-DC79-4911-B8D4-293E85F65D1C}
	EndGlobalSection
EndGlobal
