
Microsoft Visual Studio Solution File, Format Version 12.00
# Visual Studio 15
VisualStudioVersion = 15.0.28307.271
MinimumVisualStudioVersion = 10.0.40219.1
Project("{FAE04EC0-301F-11D3-BF4B-00C04F79EFBC}") = "Contractor", "Contractor\Contractor.csproj", "{BB22A225-3ABA-4628-A7D8-40837DB3C901}"
EndProject
Global
	GlobalSection(SolutionConfigurationPlatforms) = preSolution
		Debug|Any CPU = Debug|Any CPU
		Release|Any CPU = Release|Any CPU
	EndGlobalSection
	GlobalSection(ProjectConfigurationPlatforms) = postSolution
		{BB22A225-3ABA-4628-A7D8-40837DB3C901}.Debug|Any CPU.ActiveCfg = Debug|Any CPU
		{BB22A225-3ABA-4628-A7D8-40837DB3C901}.Debug|Any CPU.Build.0 = Debug|Any CPU
		{BB22A225-3ABA-4628-A7D8-40837DB3C901}.Release|Any CPU.ActiveCfg = Release|Any CPU
		{BB22A225-3ABA-4628-A7D8-40837DB3C901}.Release|Any CPU.Build.0 = Release|Any CPU
	EndGlobalSection
	GlobalSection(SolutionProperties) = preSolution
		HideSolutionNode = FALSE
	EndGlobalSection
	GlobalSection(ExtensibilityGlobals) = postSolution
		SolutionGuid = {7F1D589C-75ED-459C-B32D-85C7E2443130}
	EndGlobalSection
EndGlobal
