
Microsoft Visual Studio Solution File, Format Version 12.00
# Visual Studio 15
VisualStudioVersion = 15.0.28010.2050
MinimumVisualStudioVersion = 10.0.40219.1
Project("{FAE04EC0-301F-11D3-BF4B-00C04F79EFBC}") = "Overload Method", "Overload Method\Overload Method.csproj", "{C8A26530-C27F-4EAA-863D-9DF7B708497D}"
EndProject
Global
	GlobalSection(SolutionConfigurationPlatforms) = preSolution
		Debug|Any CPU = Debug|Any CPU
		Release|Any CPU = Release|Any CPU
	EndGlobalSection
	GlobalSection(ProjectConfigurationPlatforms) = postSolution
		{C8A26530-C27F-4EAA-863D-9DF7B708497D}.Debug|Any CPU.ActiveCfg = Debug|Any CPU
		{C8A26530-C27F-4EAA-863D-9DF7B708497D}.Debug|Any CPU.Build.0 = Debug|Any CPU
		{C8A26530-C27F-4EAA-863D-9DF7B708497D}.Release|Any CPU.ActiveCfg = Release|Any CPU
		{C8A26530-C27F-4EAA-863D-9DF7B708497D}.Release|Any CPU.Build.0 = Release|Any CPU
	EndGlobalSection
	GlobalSection(SolutionProperties) = preSolution
		HideSolutionNode = FALSE
	EndGlobalSection
	GlobalSection(ExtensibilityGlobals) = postSolution
		SolutionGuid = {536612C2-6B20-45E4-A1D5-0ACAC01DCC7D}
	EndGlobalSection
EndGlobal
