
Microsoft Visual Studio Solution File, Format Version 12.00
# Visual Studio 15
VisualStudioVersion = 15.0.28010.2050
MinimumVisualStudioVersion = 10.0.40219.1
Project("{FAE04EC0-301F-11D3-BF4B-00C04F79EFBC}") = "C-Sharp Number Array", "C-Sharp Number Array\C-Sharp Number Array.csproj", "{24AA12F8-10B1-4080-B208-0CC5C6600FEA}"
EndProject
Global
	GlobalSection(SolutionConfigurationPlatforms) = preSolution
		Debug|Any CPU = Debug|Any CPU
		Release|Any CPU = Release|Any CPU
	EndGlobalSection
	GlobalSection(ProjectConfigurationPlatforms) = postSolution
		{24AA12F8-10B1-4080-B208-0CC5C6600FEA}.Debug|Any CPU.ActiveCfg = Debug|Any CPU
		{24AA12F8-10B1-4080-B208-0CC5C6600FEA}.Debug|Any CPU.Build.0 = Debug|Any CPU
		{24AA12F8-10B1-4080-B208-0CC5C6600FEA}.Release|Any CPU.ActiveCfg = Release|Any CPU
		{24AA12F8-10B1-4080-B208-0CC5C6600FEA}.Release|Any CPU.Build.0 = Release|Any CPU
	EndGlobalSection
	GlobalSection(SolutionProperties) = preSolution
		HideSolutionNode = FALSE
	EndGlobalSection
	GlobalSection(ExtensibilityGlobals) = postSolution
		SolutionGuid = {84A5EB1F-B2E3-4932-98A8-10749458218D}
	EndGlobalSection
EndGlobal
