
Microsoft Visual Studio Solution File, Format Version 12.00
# Visual Studio 15
VisualStudioVersion = 15.0.28010.2036
MinimumVisualStudioVersion = 10.0.40219.1
Project("{FAE04EC0-301F-11D3-BF4B-00C04F79EFBC}") = "FinalProject", "FinalProject\FinalProject.csproj", "{BB83B301-3A31-4488-BB63-3062B9A24041}"
EndProject
Global
	GlobalSection(SolutionConfigurationPlatforms) = preSolution
		Debug|Any CPU = Debug|Any CPU
		Release|Any CPU = Release|Any CPU
	EndGlobalSection
	GlobalSection(ProjectConfigurationPlatforms) = postSolution
		{BB83B301-3A31-4488-BB63-3062B9A24041}.Debug|Any CPU.ActiveCfg = Debug|Any CPU
		{BB83B301-3A31-4488-BB63-3062B9A24041}.Debug|Any CPU.Build.0 = Debug|Any CPU
		{BB83B301-3A31-4488-BB63-3062B9A24041}.Release|Any CPU.ActiveCfg = Release|Any CPU
		{BB83B301-3A31-4488-BB63-3062B9A24041}.Release|Any CPU.Build.0 = Release|Any CPU
	EndGlobalSection
	GlobalSection(SolutionProperties) = preSolution
		HideSolutionNode = FALSE
	EndGlobalSection
	GlobalSection(ExtensibilityGlobals) = postSolution
		SolutionGuid = {AA92A756-6AF3-411F-9A9F-88F22B4492F6}
	EndGlobalSection
EndGlobal
