
Microsoft Visual Studio Solution File, Format Version 12.00
# Visual Studio 15
VisualStudioVersion = 15.0.28307.271
MinimumVisualStudioVersion = 10.0.40219.1
Project("{FAE04EC0-301F-11D3-BF4B-00C04F79EFBC}") = "FlightPrice", "FlightPrice\FlightPrice.csproj", "{30A29D1C-2357-453F-90E7-1967AA2B45AA}"
EndProject
Global
	GlobalSection(SolutionConfigurationPlatforms) = preSolution
		Debug|Any CPU = Debug|Any CPU
		Release|Any CPU = Release|Any CPU
	EndGlobalSection
	GlobalSection(ProjectConfigurationPlatforms) = postSolution
		{30A29D1C-2357-453F-90E7-1967AA2B45AA}.Debug|Any CPU.ActiveCfg = Debug|Any CPU
		{30A29D1C-2357-453F-90E7-1967AA2B45AA}.Debug|Any CPU.Build.0 = Debug|Any CPU
		{30A29D1C-2357-453F-90E7-1967AA2B45AA}.Release|Any CPU.ActiveCfg = Release|Any CPU
		{30A29D1C-2357-453F-90E7-1967AA2B45AA}.Release|Any CPU.Build.0 = Release|Any CPU
	EndGlobalSection
	GlobalSection(SolutionProperties) = preSolution
		HideSolutionNode = FALSE
	EndGlobalSection
	GlobalSection(ExtensibilityGlobals) = postSolution
		SolutionGuid = {F9643B82-DD99-4D75-A5E6-EED20BFCC58D}
	EndGlobalSection
EndGlobal
