
Microsoft Visual Studio Solution File, Format Version 12.00
# Visual Studio 15
VisualStudioVersion = 15.0.28010.2050
MinimumVisualStudioVersion = 10.0.40219.1
Project("{FAE04EC0-301F-11D3-BF4B-00C04F79EFBC}") = "C-Sharp Do - Do While Loops", "C-Sharp Do - Do While Loops\C-Sharp Do - Do While Loops.csproj", "{FCFF76F3-7899-4283-8176-EF4A9D04651C}"
EndProject
Global
	GlobalSection(SolutionConfigurationPlatforms) = preSolution
		Debug|Any CPU = Debug|Any CPU
		Release|Any CPU = Release|Any CPU
	EndGlobalSection
	GlobalSection(ProjectConfigurationPlatforms) = postSolution
		{FCFF76F3-7899-4283-8176-EF4A9D04651C}.Debug|Any CPU.ActiveCfg = Debug|Any CPU
		{FCFF76F3-7899-4283-8176-EF4A9D04651C}.Debug|Any CPU.Build.0 = Debug|Any CPU
		{FCFF76F3-7899-4283-8176-EF4A9D04651C}.Release|Any CPU.ActiveCfg = Release|Any CPU
		{FCFF76F3-7899-4283-8176-EF4A9D04651C}.Release|Any CPU.Build.0 = Release|Any CPU
	EndGlobalSection
	GlobalSection(SolutionProperties) = preSolution
		HideSolutionNode = FALSE
	EndGlobalSection
	GlobalSection(ExtensibilityGlobals) = postSolution
		SolutionGuid = {19C965B0-6428-4FAB-BDE7-214CBC06E371}
	EndGlobalSection
EndGlobal
